// !$*UTF8*$!
{
	archiveVersion = 1;
	classes = {
	};
	objectVersion = 46;
	objects = {

/* Begin PBXBuildFile section */
		A7495E6E1F2121BE0091BBB0 /* AppDelegate.swift in Sources */ = {isa = PBXBuildFile; fileRef = A7495E6D1F2121BE0091BBB0 /* AppDelegate.swift */; };
		A7495E701F2121BE0091BBB0 /* ViewController.swift in Sources */ = {isa = PBXBuildFile; fileRef = A7495E6F1F2121BE0091BBB0 /* ViewController.swift */; };
		A7495E731F2121BE0091BBB0 /* Main.storyboard in Resources */ = {isa = PBXBuildFile; fileRef = A7495E711F2121BE0091BBB0 /* Main.storyboard */; };
		A7495E751F2121BE0091BBB0 /* Assets.xcassets in Resources */ = {isa = PBXBuildFile; fileRef = A7495E741F2121BE0091BBB0 /* Assets.xcassets */; };
		A7495E781F2121BE0091BBB0 /* LaunchScreen.storyboard in Resources */ = {isa = PBXBuildFile; fileRef = A7495E761F2121BE0091BBB0 /* LaunchScreen.storyboard */; };
		A7495E831F2121BE0091BBB0 /* WarCardsTests.swift in Sources */ = {isa = PBXBuildFile; fileRef = A7495E821F2121BE0091BBB0 /* WarCardsTests.swift */; };
		A7495E8E1F2121BE0091BBB0 /* WarCardsUITests.swift in Sources */ = {isa = PBXBuildFile; fileRef = A7495E8D1F2121BE0091BBB0 /* WarCardsUITests.swift */; };
/* End PBXBuildFile section */

/* Begin PBXContainerItemProxy section */
		A7495E7F1F2121BE0091BBB0 /* PBXContainerItemProxy */ = {
			isa = PBXContainerItemProxy;
			containerPortal = A7495E621F2121BE0091BBB0 /* Project object */;
			proxyType = 1;
			remoteGlobalIDString = A7495E691F2121BE0091BBB0;
			remoteInfo = WarCards;
		};
		A7495E8A1F2121BE0091BBB0 /* PBXContainerItemProxy */ = {
			isa = PBXContainerItemProxy;
			containerPortal = A7495E621F2121BE0091BBB0 /* Project object */;
			proxyType = 1;
			remoteGlobalIDString = A7495E691F2121BE0091BBB0;
			remoteInfo = WarCards;
		};
/* End PBXContainerItemProxy section */

/* Begin PBXFileReference section */
		A7495E6A1F2121BE0091BBB0 /* WarCards.app */ = {isa = PBXFileReference; explicitFileType = wrapper.application; includeInIndex = 0; path = WarCards.app; sourceTree = BUILT_PRODUCTS_DIR; };
		A7495E6D1F2121BE0091BBB0 /* AppDelegate.swift */ = {isa = PBXFileReference; lastKnownFileType = sourcecode.swift; path = AppDelegate.swift; sourceTree = "<group>"; };
		A7495E6F1F2121BE0091BBB0 /* ViewController.swift */ = {isa = PBXFileReference; lastKnownFileType = sourcecode.swift; path = ViewController.swift; sourceTree = "<group>"; };
		A7495E721F2121BE0091BBB0 /* Base */ = {isa = PBXFileReference; lastKnownFileType = file.storyboard; name = Base; path = Base.lproj/Main.storyboard; sourceTree = "<group>"; };
		A7495E741F2121BE0091BBB0 /* Assets.xcassets */ = {isa = PBXFileReference; lastKnownFileType = folder.assetcatalog; path = Assets.xcassets; sourceTree = "<group>"; };
		A7495E771F2121BE0091BBB0 /* Base */ = {isa = PBXFileReference; lastKnownFileType = file.storyboard; name = Base; path = Base.lproj/LaunchScreen.storyboard; sourceTree = "<group>"; };
		A7495E791F2121BE0091BBB0 /* Info.plist */ = {isa = PBXFileReference; lastKnownFileType = text.plist.xml; path = Info.plist; sourceTree = "<group>"; };
		A7495E7E1F2121BE0091BBB0 /* WarCardsTests.xctest */ = {isa = PBXFileReference; explicitFileType = wrapper.cfbundle; includeInIndex = 0; path = WarCardsTests.xctest; sourceTree = BUILT_PRODUCTS_DIR; };
		A7495E821F2121BE0091BBB0 /* WarCardsTests.swift */ = {isa = PBXFileReference; lastKnownFileType = sourcecode.swift; path = WarCardsTests.swift; sourceTree = "<group>"; };
		A7495E841F2121BE0091BBB0 /* Info.plist */ = {isa = PBXFileReference; lastKnownFileType = text.plist.xml; path = Info.plist; sourceTree = "<group>"; };
		A7495E891F2121BE0091BBB0 /* WarCardsUITests.xctest */ = {isa = PBXFileReference; explicitFileType = wrapper.cfbundle; includeInIndex = 0; path = WarCardsUITests.xctest; sourceTree = BUILT_PRODUCTS_DIR; };
		A7495E8D1F2121BE0091BBB0 /* WarCardsUITests.swift */ = {isa = PBXFileReference; lastKnownFileType = sourcecode.swift; path = WarCardsUITests.swift; sourceTree = "<group>"; };
		A7495E8F1F2121BE0091BBB0 /* Info.plist */ = {isa = PBXFileReference; lastKnownFileType = text.plist.xml; path = Info.plist; sourceTree = "<group>"; };
/* End PBXFileReference section */

/* Begin PBXFrameworksBuildPhase section */
		A7495E671F2121BE0091BBB0 /* Frameworks */ = {
			isa = PBXFrameworksBuildPhase;
			buildActionMask = 2147483647;
			files = (
			);
			runOnlyForDeploymentPostprocessing = 0;
		};
		A7495E7B1F2121BE0091BBB0 /* Frameworks */ = {
			isa = PBXFrameworksBuildPhase;
			buildActionMask = 2147483647;
			files = (
			);
			runOnlyForDeploymentPostprocessing = 0;
		};
		A7495E861F2121BE0091BBB0 /* Frameworks */ = {
			isa = PBXFrameworksBuildPhase;
			buildActionMask = 2147483647;
			files = (
			);
			runOnlyForDeploymentPostprocessing = 0;
		};
/* End PBXFrameworksBuildPhase section */

/* Begin PBXGroup section */
		A7495E611F2121BE0091BBB0 = {
			isa = PBXGroup;
			children = (
				A7495E6C1F2121BE0091BBB0 /* WarCards */,
				A7495E811F2121BE0091BBB0 /* WarCardsTests */,
				A7495E8C1F2121BE0091BBB0 /* WarCardsUITests */,
				A7495E6B1F2121BE0091BBB0 /* Products */,
			);
			sourceTree = "<group>";
		};
		A7495E6B1F2121BE0091BBB0 /* Products */ = {
			isa = PBXGroup;
			children = (
				A7495E6A1F2121BE0091BBB0 /* WarCards.app */,
				A7495E7E1F2121BE0091BBB0 /* WarCardsTests.xctest */,
				A7495E891F2121BE0091BBB0 /* WarCardsUITests.xctest */,
			);
			name = Products;
			sourceTree = "<group>";
		};
		A7495E6C1F2121BE0091BBB0 /* WarCards */ = {
			isa = PBXGroup;
			children = (
				A7495E6D1F2121BE0091BBB0 /* AppDelegate.swift */,
				A7495E6F1F2121BE0091BBB0 /* ViewController.swift */,
				A7495E711F2121BE0091BBB0 /* Main.storyboard */,
				A7495E741F2121BE0091BBB0 /* Assets.xcassets */,
				A7495E761F2121BE0091BBB0 /* LaunchScreen.storyboard */,
				A7495E791F2121BE0091BBB0 /* Info.plist */,
			);
			path = WarCards;
			sourceTree = "<group>";
		};
		A7495E811F2121BE0091BBB0 /* WarCardsTests */ = {
			isa = PBXGroup;
			children = (
				A7495E821F2121BE0091BBB0 /* WarCardsTests.swift */,
				A7495E841F2121BE0091BBB0 /* Info.plist */,
			);
			path = WarCardsTests;
			sourceTree = "<group>";
		};
		A7495E8C1F2121BE0091BBB0 /* WarCardsUITests */ = {
			isa = PBXGroup;
			children = (
				A7495E8D1F2121BE0091BBB0 /* WarCardsUITests.swift */,
				A7495E8F1F2121BE0091BBB0 /* Info.plist */,
			);
			path = WarCardsUITests;
			sourceTree = "<group>";
		};
/* End PBXGroup section */

/* Begin PBXNativeTarget section */
		A7495E691F2121BE0091BBB0 /* WarCards */ = {
			isa = PBXNativeTarget;
			buildConfigurationList = A7495E921F2121BE0091BBB0 /* Build configuration list for PBXNativeTarget "WarCards" */;
			buildPhases = (
				A7495E661F2121BE0091BBB0 /* Sources */,
				A7495E671F2121BE0091BBB0 /* Frameworks */,
				A7495E681F2121BE0091BBB0 /* Resources */,
			);
			buildRules = (
			);
			dependencies = (
			);
			name = WarCards;
			productName = WarCards;
			productReference = A7495E6A1F2121BE0091BBB0 /* WarCards.app */;
			productType = "com.apple.product-type.application";
		};
		A7495E7D1F2121BE0091BBB0 /* WarCardsTests */ = {
			isa = PBXNativeTarget;
			buildConfigurationList = A7495E951F2121BE0091BBB0 /* Build configuration list for PBXNativeTarget "WarCardsTests" */;
			buildPhases = (
				A7495E7A1F2121BE0091BBB0 /* Sources */,
				A7495E7B1F2121BE0091BBB0 /* Frameworks */,
				A7495E7C1F2121BE0091BBB0 /* Resources */,
			);
			buildRules = (
			);
			dependencies = (
				A7495E801F2121BE0091BBB0 /* PBXTargetDependency */,
			);
			name = WarCardsTests;
			productName = WarCardsTests;
			productReference = A7495E7E1F2121BE0091BBB0 /* WarCardsTests.xctest */;
			productType = "com.apple.product-type.bundle.unit-test";
		};
		A7495E881F2121BE0091BBB0 /* WarCardsUITests */ = {
			isa = PBXNativeTarget;
			buildConfigurationList = A7495E981F2121BE0091BBB0 /* Build configuration list for PBXNativeTarget "WarCardsUITests" */;
			buildPhases = (
				A7495E851F2121BE0091BBB0 /* Sources */,
				A7495E861F2121BE0091BBB0 /* Frameworks */,
				A7495E871F2121BE0091BBB0 /* Resources */,
			);
			buildRules = (
			);
			dependencies = (
				A7495E8B1F2121BE0091BBB0 /* PBXTargetDependency */,
			);
			name = WarCardsUITests;
			productName = WarCardsUITests;
			productReference = A7495E891F2121BE0091BBB0 /* WarCardsUITests.xctest */;
			productType = "com.apple.product-type.bundle.ui-testing";
		};
/* End PBXNativeTarget section */

/* Begin PBXProject section */
		A7495E621F2121BE0091BBB0 /* Project object */ = {
			isa = PBXProject;
			attributes = {
				LastSwiftUpdateCheck = 0830;
				LastUpgradeCheck = 0830;
				ORGANIZATIONNAME = "Shagun Bandi";
				TargetAttributes = {
					A7495E691F2121BE0091BBB0 = {
						CreatedOnToolsVersion = 8.3.3;
						ProvisioningStyle = Automatic;
					};
					A7495E7D1F2121BE0091BBB0 = {
						CreatedOnToolsVersion = 8.3.3;
						ProvisioningStyle = Automatic;
						TestTargetID = A7495E691F2121BE0091BBB0;
					};
					A7495E881F2121BE0091BBB0 = {
						CreatedOnToolsVersion = 8.3.3;
						ProvisioningStyle = Automatic;
						TestTargetID = A7495E691F2121BE0091BBB0;
					};
				};
			};
			buildConfigurationList = A7495E651F2121BE0091BBB0 /* Build configuration list for PBXProject "WarCards" */;
			compatibilityVersion = "Xcode 3.2";
			developmentRegion = English;
			hasScannedForEncodings = 0;
			knownRegions = (
				en,
				Base,
			);
			mainGroup = A7495E611F2121BE0091BBB0;
			productRefGroup = A7495E6B1F2121BE0091BBB0 /* Products */;
			projectDirPath = "";
			projectRoot = "";
			targets = (
				A7495E691F2121BE0091BBB0 /* WarCards */,
				A7495E7D1F2121BE0091BBB0 /* WarCardsTests */,
				A7495E881F2121BE0091BBB0 /* WarCardsUITests */,
			);
		};
/* End PBXProject section */

/* Begin PBXResourcesBuildPhase section */
		A7495E681F2121BE0091BBB0 /* Resources */ = {
			isa = PBXResourcesBuildPhase;
			buildActionMask = 2147483647;
			files = (
				A7495E781F2121BE0091BBB0 /* LaunchScreen.storyboard in Resources */,
				A7495E751F2121BE0091BBB0 /* Assets.xcassets in Resources */,
				A7495E731F2121BE0091BBB0 /* Main.storyboard in Resources */,
			);
			runOnlyForDeploymentPostprocessing = 0;
		};
		A7495E7C1F2121BE0091BBB0 /* Resources */ = {
			isa = PBXResourcesBuildPhase;
			buildActionMask = 2147483647;
			files = (
			);
			runOnlyForDeploymentPostprocessing = 0;
		};
		A7495E871F2121BE0091BBB0 /* Resources */ = {
			isa = PBXResourcesBuildPhase;
			buildActionMask = 2147483647;
			files = (
			);
			runOnlyForDeploymentPostprocessing = 0;
		};
/* End PBXResourcesBuildPhase section */

/* Begin PBXSourcesBuildPhase section */
		A7495E661F2121BE0091BBB0 /* Sources */ = {
			isa = PBXSourcesBuildPhase;
			buildActionMask = 2147483647;
			files = (
				A7495E701F2121BE0091BBB0 /* ViewController.swift in Sources */,
				A7495E6E1F2121BE0091BBB0 /* AppDelegate.swift in Sources */,
			);
			runOnlyForDeploymentPostprocessing = 0;
		};
		A7495E7A1F2121BE0091BBB0 /* Sources */ = {
			isa = PBXSourcesBuildPhase;
			buildActionMask = 2147483647;
			files = (
				A7495E831F2121BE0091BBB0 /* WarCardsTests.swift in Sources */,
			);
			runOnlyForDeploymentPostprocessing = 0;
		};
		A7495E851F2121BE0091BBB0 /* Sources */ = {
			isa = PBXSourcesBuildPhase;
			buildActionMask = 2147483647;
			files = (
				A7495E8E1F2121BE0091BBB0 /* WarCardsUITests.swift in Sources */,
			);
			runOnlyForDeploymentPostprocessing = 0;
		};
/* End PBXSourcesBuildPhase section */

/* Begin PBXTargetDependency section */
		A7495E801F2121BE0091BBB0 /* PBXTargetDependency */ = {
			isa = PBXTargetDependency;
			target = A7495E691F2121BE0091BBB0 /* WarCards */;
			targetProxy = A7495E7F1F2121BE0091BBB0 /* PBXContainerItemProxy */;
		};
		A7495E8B1F2121BE0091BBB0 /* PBXTargetDependency */ = {
			isa = PBXTargetDependency;
			target = A7495E691F2121BE0091BBB0 /* WarCards */;
			targetProxy = A7495E8A1F2121BE0091BBB0 /* PBXContainerItemProxy */;
		};
/* End PBXTargetDependency section */

/* Begin PBXVariantGroup section */
		A7495E711F2121BE0091BBB0 /* Main.storyboard */ = {
			isa = PBXVariantGroup;
			children = (
				A7495E721F2121BE0091BBB0 /* Base */,
			);
			name = Main.storyboard;
			sourceTree = "<group>";
		};
		A7495E761F2121BE0091BBB0 /* LaunchScreen.storyboard */ = {
			isa = PBXVariantGroup;
			children = (
				A7495E771F2121BE0091BBB0 /* Base */,
			);
			name = LaunchScreen.storyboard;
			sourceTree = "<group>";
		};
/* End PBXVariantGroup section */

/* Begin XCBuildConfiguration section */
		A7495E901F2121BE0091BBB0 /* Debug */ = {
			isa = XCBuildConfiguration;
			buildSettings = {
				ALWAYS_SEARCH_USER_PATHS = NO;
				CLANG_ANALYZER_NONNULL = YES;
				CLANG_ANALYZER_NUMBER_OBJECT_CONVERSION = YES_AGGRESSIVE;
				CLANG_CXX_LANGUAGE_STANDARD = "gnu++0x";
				CLANG_CXX_LIBRARY = "libc++";
				CLANG_ENABLE_MODULES = YES;
				CLANG_ENABLE_OBJC_ARC = YES;
				CLANG_WARN_BOOL_CONVERSION = YES;
				CLANG_WARN_CONSTANT_CONVERSION = YES;
				CLANG_WARN_DIRECT_OBJC_ISA_USAGE = YES_ERROR;
				CLANG_WARN_DOCUMENTATION_COMMENTS = YES;
				CLANG_WARN_EMPTY_BODY = YES;
				CLANG_WARN_ENUM_CONVERSION = YES;
				CLANG_WARN_INFINITE_RECURSION = YES;
				CLANG_WARN_INT_CONVERSION = YES;
				CLANG_WARN_OBJC_ROOT_CLASS = YES_ERROR;
				CLANG_WARN_SUSPICIOUS_MOVE = YES;
				CLANG_WARN_UNREACHABLE_CODE = YES;
				CLANG_WARN__DUPLICATE_METHOD_MATCH = YES;
				"CODE_SIGN_IDENTITY[sdk=iphoneos*]" = "iPhone Developer";
				COPY_PHASE_STRIP = NO;
				DEBUG_INFORMATION_FORMAT = dwarf;
				ENABLE_STRICT_OBJC_MSGSEND = YES;
				ENABLE_TESTABILITY = YES;
				GCC_C_LANGUAGE_STANDARD = gnu99;
				GCC_DYNAMIC_NO_PIC = NO;
				GCC_NO_COMMON_BLOCKS = YES;
				GCC_OPTIMIZATION_LEVEL = 0;
				GCC_PREPROCESSOR_DEFINITIONS = (
					"DEBUG=1",
					"$(inherited)",
				);
				GCC_WARN_64_TO_32_BIT_CONVERSION = YES;
				GCC_WARN_ABOUT_RETURN_TYPE = YES_ERROR;
				GCC_WARN_UNDECLARED_SELECTOR = YES;
				GCC_WARN_UNINITIALIZED_AUTOS = YES_AGGRESSIVE;
				GCC_WARN_UNUSED_FUNCTION = YES;
				GCC_WARN_UNUSED_VARIABLE = YES;
				IPHONEOS_DEPLOYMENT_TARGET = 10.3;
				MTL_ENABLE_DEBUG_INFO = YES;
				ONLY_ACTIVE_ARCH = YES;
				SDKROOT = iphoneos;
				SWIFT_ACTIVE_COMPILATION_CONDITIONS = DEBUG;
				SWIFT_OPTIMIZATION_LEVEL = "-Onone";
			};
			name = Debug;
		};
		A7495E911F2121BE0091BBB0 /* Release */ = {
			isa = XCBuildConfiguration;
			buildSettings = {
				ALWAYS_SEARCH_USER_PATHS = NO;
				CLANG_ANALYZER_NONNULL = YES;
				CLANG_ANALYZER_NUMBER_OBJECT_CONVERSION = YES_AGGRESSIVE;
				CLANG_CXX_LANGUAGE_STANDARD = "gnu++0x";
				CLANG_CXX_LIBRARY = "libc++";
				CLANG_ENABLE_MODULES = YES;
				CLANG_ENABLE_OBJC_ARC = YES;
				CLANG_WARN_BOOL_CONVERSION = YES;
				CLANG_WARN_CONSTANT_CONVERSION = YES;
				CLANG_WARN_DIRECT_OBJC_ISA_USAGE = YES_ERROR;
				CLANG_WARN_DOCUMENTATION_COMMENTS = YES;
				CLANG_WARN_EMPTY_BODY = YES;
				CLANG_WARN_ENUM_CONVERSION = YES;
				CLANG_WARN_INFINITE_RECURSION = YES;
				CLANG_WARN_INT_CONVERSION = YES;
				CLANG_WARN_OBJC_ROOT_CLASS = YES_ERROR;
				CLANG_WARN_SUSPICIOUS_MOVE = YES;
				CLANG_WARN_UNREACHABLE_CODE = YES;
				CLANG_WARN__DUPLICATE_METHOD_MATCH = YES;
				"CODE_SIGN_IDENTITY[sdk=iphoneos*]" = "iPhone Developer";
				COPY_PHASE_STRIP = NO;
				DEBUG_INFORMATION_FORMAT = "dwarf-with-dsym";
				ENABLE_NS_ASSERTIONS = NO;
				ENABLE_STRICT_OBJC_MSGSEND = YES;
				GCC_C_LANGUAGE_STANDARD = gnu99;
				GCC_NO_COMMON_BLOCKS = YES;
				GCC_WARN_64_TO_32_BIT_CONVERSION = YES;
				GCC_WARN_ABOUT_RETURN_TYPE = YES_ERROR;
				GCC_WARN_UNDECLARED_SELECTOR = YES;
				GCC_WARN_UNINITIALIZED_AUTOS = YES_AGGRESSIVE;
				GCC_WARN_UNUSED_FUNCTION = YES;
				GCC_WARN_UNUSED_VARIABLE = YES;
				IPHONEOS_DEPLOYMENT_TARGET = 10.3;
				MTL_ENABLE_DEBUG_INFO = NO;
				SDKROOT = iphoneos;
				SWIFT_OPTIMIZATION_LEVEL = "-Owholemodule";
				VALIDATE_PRODUCT = YES;
			};
			name = Release;
		};
		A7495E931F2121BE0091BBB0 /* Debug */ = {
			isa = XCBuildConfiguration;
			buildSettings = {
				ASSETCATALOG_COMPILER_APPICON_NAME = AppIcon;
				INFOPLIST_FILE = WarCards/Info.plist;
				IPHONEOS_DEPLOYMENT_TARGET = 10.3;
				LD_RUNPATH_SEARCH_PATHS = "$(inherited) @executable_path/Frameworks";
				PRODUCT_BUNDLE_IDENTIFIER = com.shagunbandi.WarCards;
				PRODUCT_NAME = "$(TARGET_NAME)";
				SWIFT_VERSION = 3.0;
				TARGETED_DEVICE_FAMILY = "1,2";
			};
			name = Debug;
		};
		A7495E941F2121BE0091BBB0 /* Release */ = {
			isa = XCBuildConfiguration;
			buildSettings = {
				ASSETCATALOG_COMPILER_APPICON_NAME = AppIcon;
				INFOPLIST_FILE = WarCards/Info.plist;
				IPHONEOS_DEPLOYMENT_TARGET = 10.3;
				LD_RUNPATH_SEARCH_PATHS = "$(inherited) @executable_path/Frameworks";
				PRODUCT_BUNDLE_IDENTIFIER = com.shagunbandi.WarCards;
				PRODUCT_NAME = "$(TARGET_NAME)";
				SWIFT_VERSION = 3.0;
				TARGETED_DEVICE_FAMILY = "1,2";
			};
			name = Release;
		};
		A7495E961F2121BE0091BBB0 /* Debug */ = {
			isa = XCBuildConfiguration;
			buildSettings = {
				ALWAYS_EMBED_SWIFT_STANDARD_LIBRARIES = YES;
				BUNDLE_LOADER = "$(TEST_HOST)";
				INFOPLIST_FILE = WarCardsTests/Info.plist;
				LD_RUNPATH_SEARCH_PATHS = "$(inherited) @executable_path/Frameworks @loader_path/Frameworks";
				PRODUCT_BUNDLE_IDENTIFIER = com.shagunbandi.WarCardsTests;
				PRODUCT_NAME = "$(TARGET_NAME)";
				SWIFT_VERSION = 3.0;
				TEST_HOST = "$(BUILT_PRODUCTS_DIR)/WarCards.app/WarCards";
			};
			name = Debug;
		};
		A7495E971F2121BE0091BBB0 /* Release */ = {
			isa = XCBuildConfiguration;
			buildSettings = {
				ALWAYS_EMBED_SWIFT_STANDARD_LIBRARIES = YES;
				BUNDLE_LOADER = "$(TEST_HOST)";
				INFOPLIST_FILE = WarCardsTests/Info.plist;
				LD_RUNPATH_SEARCH_PATHS = "$(inherited) @executable_path/Frameworks @loader_path/Frameworks";
				PRODUCT_BUNDLE_IDENTIFIER = com.shagunbandi.WarCardsTests;
				PRODUCT_NAME = "$(TARGET_NAME)";
				SWIFT_VERSION = 3.0;
				TEST_HOST = "$(BUILT_PRODUCTS_DIR)/WarCards.app/WarCards";
			};
			name = Release;
		};
		A7495E991F2121BE0091BBB0 /* Debug */ = {
			isa = XCBuildConfiguration;
			buildSettings = {
				ALWAYS_EMBED_SWIFT_STANDARD_LIBRARIES = YES;
				INFOPLIST_FILE = WarCardsUITests/Info.plist;
				LD_RUNPATH_SEARCH_PATHS = "$(inherited) @executable_path/Frameworks @loader_path/Frameworks";
				PRODUCT_BUNDLE_IDENTIFIER = com.shagunbandi.WarCardsUITests;
				PRODUCT_NAME = "$(TARGET_NAME)";
				SWIFT_VERSION = 3.0;
				TEST_TARGET_NAME = WarCards;
			};
			name = Debug;
		};
		A7495E9A1F2121BE0091BBB0 /* Release */ = {
			isa = XCBuildConfiguration;
			buildSettings = {
				ALWAYS_EMBED_SWIFT_STANDARD_LIBRARIES = YES;
				INFOPLIST_FILE = WarCardsUITests/Info.plist;
				LD_RUNPATH_SEARCH_PATHS = "$(inherited) @executable_path/Frameworks @loader_path/Frameworks";
				PRODUCT_BUNDLE_IDENTIFIER = com.shagunbandi.WarCardsUITests;
				PRODUCT_NAME = "$(TARGET_NAME)";
				SWIFT_VERSION = 3.0;
				TEST_TARGET_NAME = WarCards;
			};
			name = Release;
		};
/* End XCBuildConfiguration section */

/* Begin XCConfigurationList section */
		A7495E651F2121BE0091BBB0 /* Build configuration list for PBXProject "WarCards" */ = {
			isa = XCConfigurationList;
			buildConfigurations = (
				A7495E901F2121BE0091BBB0 /* Debug */,
				A7495E911F2121BE0091BBB0 /* Release */,
			);
			defaultConfigurationIsVisible = 0;
			defaultConfigurationName = Release;
		};
		A7495E921F2121BE0091BBB0 /* Build configuration list for PBXNativeTarget "WarCards" */ = {
			isa = XCConfigurationList;
			buildConfigurations = (
				A7495E931F2121BE0091BBB0 /* Debug */,
				A7495E941F2121BE0091BBB0 /* Release */,
			);
			defaultConfigurationIsVisible = 0;
			defaultConfigurationName = Release;
		};
		A7495E951F2121BE0091BBB0 /* Build configuration list for PBXNativeTarget "WarCardsTests" */ = {
			isa = XCConfigurationList;
			buildConfigurations = (
				A7495E961F2121BE0091BBB0 /* Debug */,
				A7495E971F2121BE0091BBB0 /* Release */,
			);
			defaultConfigurationIsVisible = 0;
			defaultConfigurationName = Release;
		};
		A7495E981F2121BE0091BBB0 /* Build configuration list for PBXNativeTarget "WarCardsUITests" */ = {
			isa = XCConfigurationList;
			buildConfigurations = (
				A7495E991F2121BE0091BBB0 /* Debug */,
				A7495E9A1F2121BE0091BBB0 /* Release */,
			);
			defaultConfigurationIsVisible = 0;
			defaultConfigurationName = Release;
		};
/* End XCConfigurationList section */
	};
	rootObject = A7495E621F2121BE0091BBB0 /* Project object */;
}
